// !$*UTF8*$!
{
	archiveVersion = 1;
	classes = {
	};
	objectVersion = 56;
	objects = {

/* Begin PBXBuildFile section */
		6D59326C2C0ED25300DE34B5 /* Core in Frameworks */ = {isa = PBXBuildFile; productRef = 6D59326B2C0ED25300DE34B5 /* Core */; };
		6D59326E2C0ED37D00DE34B5 /* CombineModule in Frameworks */ = {isa = PBXBuildFile; productRef = 6D59326D2C0ED37D00DE34B5 /* CombineModule */; };
		6D5932702C0ED38000DE34B5 /* Core in Frameworks */ = {isa = PBXBuildFile; productRef = 6D59326F2C0ED38000DE34B5 /* Core */; };
		6D5932742C0ED38900DE34B5 /* RxSwiftModule in Frameworks */ = {isa = PBXBuildFile; productRef = 6D5932732C0ED38900DE34B5 /* RxSwiftModule */; };
		6D60ACC52C06BB4800B4852E /* AppDelegate.swift in Sources */ = {isa = PBXBuildFile; fileRef = 6D60ACC42C06BB4800B4852E /* AppDelegate.swift */; };
		6D60ACC72C06BB4800B4852E /* SceneDelegate.swift in Sources */ = {isa = PBXBuildFile; fileRef = 6D60ACC62C06BB4800B4852E /* SceneDelegate.swift */; };
		6D60ACCE2C06BB4A00B4852E /* Assets.xcassets in Resources */ = {isa = PBXBuildFile; fileRef = 6D60ACCD2C06BB4A00B4852E /* Assets.xcassets */; };
		6D60ACD12C06BB4A00B4852E /* LaunchScreen.storyboard in Resources */ = {isa = PBXBuildFile; fileRef = 6D60ACCF2C06BB4A00B4852E /* LaunchScreen.storyboard */; };
		6D60ACDC2C06BB4A00B4852E /* MeetWidgetKitTests.swift in Sources */ = {isa = PBXBuildFile; fileRef = 6D60ACDB2C06BB4A00B4852E /* MeetWidgetKitTests.swift */; };
		6D60ACE62C06BB4A00B4852E /* MeetWidgetKitUITests.swift in Sources */ = {isa = PBXBuildFile; fileRef = 6D60ACE52C06BB4A00B4852E /* MeetWidgetKitUITests.swift */; };
		6D60ACE82C06BB4A00B4852E /* MeetWidgetKitUITestsLaunchTests.swift in Sources */ = {isa = PBXBuildFile; fileRef = 6D60ACE72C06BB4A00B4852E /* MeetWidgetKitUITestsLaunchTests.swift */; };
		6D60AD1C2C06EB2D00B4852E /* WidgetKit.framework in Frameworks */ = {isa = PBXBuildFile; fileRef = 6D60AD002C06EAEB00B4852E /* WidgetKit.framework */; };
		6D60AD1D2C06EB2D00B4852E /* SwiftUI.framework in Frameworks */ = {isa = PBXBuildFile; fileRef = 6D60AD022C06EAEB00B4852E /* SwiftUI.framework */; };
		6D60AD202C06EB2D00B4852E /* MeetWidgetBundle.swift in Sources */ = {isa = PBXBuildFile; fileRef = 6D60AD1F2C06EB2D00B4852E /* MeetWidgetBundle.swift */; };
		6D60AD242C06EB2D00B4852E /* CalculateWidget.swift in Sources */ = {isa = PBXBuildFile; fileRef = 6D60AD232C06EB2D00B4852E /* CalculateWidget.swift */; };
		6D60AD282C06EB2F00B4852E /* Assets.xcassets in Resources */ = {isa = PBXBuildFile; fileRef = 6D60AD272C06EB2F00B4852E /* Assets.xcassets */; };
		6D60AD2C2C06EB2F00B4852E /* Meet_WidgetExtension.appex in Embed Foundation Extensions */ = {isa = PBXBuildFile; fileRef = 6D60AD1B2C06EB2D00B4852E /* Meet_WidgetExtension.appex */; settings = {ATTRIBUTES = (RemoveHeadersOnCopy, ); }; };
		6D60AD382C080A2900B4852E /* DogImageWidget.swift in Sources */ = {isa = PBXBuildFile; fileRef = 6D60AD372C080A2900B4852E /* DogImageWidget.swift */; };
		6DA66EFA2C0EE04300D7F676 /* NetworkModule in Frameworks */ = {isa = PBXBuildFile; productRef = 6DA66EF92C0EE04300D7F676 /* NetworkModule */; };
/* End PBXBuildFile section */

/* Begin PBXContainerItemProxy section */
		6D60ACD82C06BB4A00B4852E /* PBXContainerItemProxy */ = {
			isa = PBXContainerItemProxy;
			containerPortal = 6D60ACB92C06BB4800B4852E /* Project object */;
			proxyType = 1;
			remoteGlobalIDString = 6D60ACC02C06BB4800B4852E;
			remoteInfo = MeetWidgetKit;
		};
		6D60ACE22C06BB4A00B4852E /* PBXContainerItemProxy */ = {
			isa = PBXContainerItemProxy;
			containerPortal = 6D60ACB92C06BB4800B4852E /* Project object */;
			proxyType = 1;
			remoteGlobalIDString = 6D60ACC02C06BB4800B4852E;
			remoteInfo = MeetWidgetKit;
		};
		6D60AD2A2C06EB2F00B4852E /* PBXContainerItemProxy */ = {
			isa = PBXContainerItemProxy;
			containerPortal = 6D60ACB92C06BB4800B4852E /* Project object */;
			proxyType = 1;
			remoteGlobalIDString = 6D60AD1A2C06EB2D00B4852E;
			remoteInfo = Meet_WidgetExtension;
		};
/* End PBXContainerItemProxy section */

/* Begin PBXCopyFilesBuildPhase section */
		6D60AD162C06EAED00B4852E /* Embed Foundation Extensions */ = {
			isa = PBXCopyFilesBuildPhase;
			buildActionMask = 2147483647;
			dstPath = "";
			dstSubfolderSpec = 13;
			files = (
				6D60AD2C2C06EB2F00B4852E /* Meet_WidgetExtension.appex in Embed Foundation Extensions */,
			);
			name = "Embed Foundation Extensions";
			runOnlyForDeploymentPostprocessing = 0;
		};
/* End PBXCopyFilesBuildPhase section */

/* Begin PBXFileReference section */
		6D5932662C0ECD4500DE34B5 /* CombineModule */ = {isa = PBXFileReference; lastKnownFileType = wrapper; path = CombineModule; sourceTree = "<group>"; };
		6D5932672C0ED00D00DE34B5 /* RxSwiftModule */ = {isa = PBXFileReference; lastKnownFileType = wrapper; path = RxSwiftModule; sourceTree = "<group>"; };
		6D5932692C0ED0D700DE34B5 /* Core */ = {isa = PBXFileReference; lastKnownFileType = wrapper; name = Core; path = ../Meet_Widget/Core; sourceTree = "<group>"; };
		6D5932752C0ED5BD00DE34B5 /* NetworkModule */ = {isa = PBXFileReference; lastKnownFileType = wrapper; path = NetworkModule; sourceTree = "<group>"; };
		6D60ACC12C06BB4800B4852E /* MeetWidgetKit.app */ = {isa = PBXFileReference; explicitFileType = wrapper.application; includeInIndex = 0; path = MeetWidgetKit.app; sourceTree = BUILT_PRODUCTS_DIR; };
		6D60ACC42C06BB4800B4852E /* AppDelegate.swift */ = {isa = PBXFileReference; lastKnownFileType = sourcecode.swift; path = AppDelegate.swift; sourceTree = "<group>"; };
		6D60ACC62C06BB4800B4852E /* SceneDelegate.swift */ = {isa = PBXFileReference; lastKnownFileType = sourcecode.swift; path = SceneDelegate.swift; sourceTree = "<group>"; };
		6D60ACCD2C06BB4A00B4852E /* Assets.xcassets */ = {isa = PBXFileReference; lastKnownFileType = folder.assetcatalog; path = Assets.xcassets; sourceTree = "<group>"; };
		6D60ACD02C06BB4A00B4852E /* Base */ = {isa = PBXFileReference; lastKnownFileType = file.storyboard; name = Base; path = Base.lproj/LaunchScreen.storyboard; sourceTree = "<group>"; };
		6D60ACD22C06BB4A00B4852E /* Info.plist */ = {isa = PBXFileReference; lastKnownFileType = text.plist.xml; path = Info.plist; sourceTree = "<group>"; };
		6D60ACD72C06BB4A00B4852E /* MeetWidgetKitTests.xctest */ = {isa = PBXFileReference; explicitFileType = wrapper.cfbundle; includeInIndex = 0; path = MeetWidgetKitTests.xctest; sourceTree = BUILT_PRODUCTS_DIR; };
		6D60ACDB2C06BB4A00B4852E /* MeetWidgetKitTests.swift */ = {isa = PBXFileReference; lastKnownFileType = sourcecode.swift; path = MeetWidgetKitTests.swift; sourceTree = "<group>"; };
		6D60ACE12C06BB4A00B4852E /* MeetWidgetKitUITests.xctest */ = {isa = PBXFileReference; explicitFileType = wrapper.cfbundle; includeInIndex = 0; path = MeetWidgetKitUITests.xctest; sourceTree = BUILT_PRODUCTS_DIR; };
		6D60ACE52C06BB4A00B4852E /* MeetWidgetKitUITests.swift */ = {isa = PBXFileReference; lastKnownFileType = sourcecode.swift; path = MeetWidgetKitUITests.swift; sourceTree = "<group>"; };
		6D60ACE72C06BB4A00B4852E /* MeetWidgetKitUITestsLaunchTests.swift */ = {isa = PBXFileReference; lastKnownFileType = sourcecode.swift; path = MeetWidgetKitUITestsLaunchTests.swift; sourceTree = "<group>"; };
		6D60AD002C06EAEB00B4852E /* WidgetKit.framework */ = {isa = PBXFileReference; lastKnownFileType = wrapper.framework; name = WidgetKit.framework; path = System/Library/Frameworks/WidgetKit.framework; sourceTree = SDKROOT; };
		6D60AD022C06EAEB00B4852E /* SwiftUI.framework */ = {isa = PBXFileReference; lastKnownFileType = wrapper.framework; name = SwiftUI.framework; path = System/Library/Frameworks/SwiftUI.framework; sourceTree = SDKROOT; };
		6D60AD1B2C06EB2D00B4852E /* Meet_WidgetExtension.appex */ = {isa = PBXFileReference; explicitFileType = "wrapper.app-extension"; includeInIndex = 0; path = Meet_WidgetExtension.appex; sourceTree = BUILT_PRODUCTS_DIR; };
		6D60AD1F2C06EB2D00B4852E /* MeetWidgetBundle.swift */ = {isa = PBXFileReference; lastKnownFileType = sourcecode.swift; path = MeetWidgetBundle.swift; sourceTree = "<group>"; };
		6D60AD232C06EB2D00B4852E /* CalculateWidget.swift */ = {isa = PBXFileReference; lastKnownFileType = sourcecode.swift; path = CalculateWidget.swift; sourceTree = "<group>"; };
		6D60AD272C06EB2F00B4852E /* Assets.xcassets */ = {isa = PBXFileReference; lastKnownFileType = folder.assetcatalog; path = Assets.xcassets; sourceTree = "<group>"; };
		6D60AD292C06EB2F00B4852E /* Info.plist */ = {isa = PBXFileReference; lastKnownFileType = text.plist.xml; path = Info.plist; sourceTree = "<group>"; };
		6D60AD302C06EBF600B4852E /* MeetWidgetKit.entitlements */ = {isa = PBXFileReference; lastKnownFileType = text.plist.entitlements; path = MeetWidgetKit.entitlements; sourceTree = "<group>"; };
		6D60AD312C06EC1B00B4852E /* Meet_WidgetExtension.entitlements */ = {isa = PBXFileReference; lastKnownFileType = text.plist.entitlements; path = Meet_WidgetExtension.entitlements; sourceTree = "<group>"; };
		6D60AD372C080A2900B4852E /* DogImageWidget.swift */ = {isa = PBXFileReference; lastKnownFileType = sourcecode.swift; path = DogImageWidget.swift; sourceTree = "<group>"; };
/* End PBXFileReference section */

/* Begin PBXFrameworksBuildPhase section */
		6D60ACBE2C06BB4800B4852E /* Frameworks */ = {
			isa = PBXFrameworksBuildPhase;
			buildActionMask = 2147483647;
			files = (
				6D59326E2C0ED37D00DE34B5 /* CombineModule in Frameworks */,
				6DA66EFA2C0EE04300D7F676 /* NetworkModule in Frameworks */,
				6D5932742C0ED38900DE34B5 /* RxSwiftModule in Frameworks */,
				6D5932702C0ED38000DE34B5 /* Core in Frameworks */,
			);
			runOnlyForDeploymentPostprocessing = 0;
		};
		6D60ACD42C06BB4A00B4852E /* Frameworks */ = {
			isa = PBXFrameworksBuildPhase;
			buildActionMask = 2147483647;
			files = (
			);
			runOnlyForDeploymentPostprocessing = 0;
		};
		6D60ACDE2C06BB4A00B4852E /* Frameworks */ = {
			isa = PBXFrameworksBuildPhase;
			buildActionMask = 2147483647;
			files = (
			);
			runOnlyForDeploymentPostprocessing = 0;
		};
		6D60AD182C06EB2D00B4852E /* Frameworks */ = {
			isa = PBXFrameworksBuildPhase;
			buildActionMask = 2147483647;
			files = (
				6D60AD1D2C06EB2D00B4852E /* SwiftUI.framework in Frameworks */,
				6D60AD1C2C06EB2D00B4852E /* WidgetKit.framework in Frameworks */,
				6D59326C2C0ED25300DE34B5 /* Core in Frameworks */,
			);
			runOnlyForDeploymentPostprocessing = 0;
		};
/* End PBXFrameworksBuildPhase section */

/* Begin PBXGroup section */
		6D60ACB82C06BB4800B4852E = {
			isa = PBXGroup;
			children = (
				6D60AD312C06EC1B00B4852E /* Meet_WidgetExtension.entitlements */,
				6D60ACC32C06BB4800B4852E /* MeetWidgetKit */,
				6D60ACDA2C06BB4A00B4852E /* MeetWidgetKitTests */,
				6D60ACE42C06BB4A00B4852E /* MeetWidgetKitUITests */,
				6D60AD1E2C06EB2D00B4852E /* Meet_Widget */,
				6D60ACFF2C06EAEB00B4852E /* Frameworks */,
				6D60ACC22C06BB4800B4852E /* Products */,
			);
			sourceTree = "<group>";
		};
		6D60ACC22C06BB4800B4852E /* Products */ = {
			isa = PBXGroup;
			children = (
				6D60ACC12C06BB4800B4852E /* MeetWidgetKit.app */,
				6D60ACD72C06BB4A00B4852E /* MeetWidgetKitTests.xctest */,
				6D60ACE12C06BB4A00B4852E /* MeetWidgetKitUITests.xctest */,
				6D60AD1B2C06EB2D00B4852E /* Meet_WidgetExtension.appex */,
			);
			name = Products;
			sourceTree = "<group>";
		};
		6D60ACC32C06BB4800B4852E /* MeetWidgetKit */ = {
			isa = PBXGroup;
			children = (
				6D60AD302C06EBF600B4852E /* MeetWidgetKit.entitlements */,
				6D5932752C0ED5BD00DE34B5 /* NetworkModule */,
				6D5932692C0ED0D700DE34B5 /* Core */,
				6D5932672C0ED00D00DE34B5 /* RxSwiftModule */,
				6D5932662C0ECD4500DE34B5 /* CombineModule */,
				ECC5AD1D2C084C3200BD25FF /* App */,
				ECC5AD212C084CB700BD25FF /* Feature */,
				ECC5AD202C084C9100BD25FF /* Support */,
			);
			path = MeetWidgetKit;
			sourceTree = "<group>";
		};
		6D60ACDA2C06BB4A00B4852E /* MeetWidgetKitTests */ = {
			isa = PBXGroup;
			children = (
				6D60ACDB2C06BB4A00B4852E /* MeetWidgetKitTests.swift */,
			);
			path = MeetWidgetKitTests;
			sourceTree = "<group>";
		};
		6D60ACE42C06BB4A00B4852E /* MeetWidgetKitUITests */ = {
			isa = PBXGroup;
			children = (
				6D60ACE52C06BB4A00B4852E /* MeetWidgetKitUITests.swift */,
				6D60ACE72C06BB4A00B4852E /* MeetWidgetKitUITestsLaunchTests.swift */,
			);
			path = MeetWidgetKitUITests;
			sourceTree = "<group>";
		};
		6D60ACFF2C06EAEB00B4852E /* Frameworks */ = {
			isa = PBXGroup;
			children = (
				6D60AD002C06EAEB00B4852E /* WidgetKit.framework */,
				6D60AD022C06EAEB00B4852E /* SwiftUI.framework */,
			);
			name = Frameworks;
			sourceTree = "<group>";
		};
		6D60AD1E2C06EB2D00B4852E /* Meet_Widget */ = {
			isa = PBXGroup;
			children = (
				6D60AD1F2C06EB2D00B4852E /* MeetWidgetBundle.swift */,
				6D60AD232C06EB2D00B4852E /* CalculateWidget.swift */,
				6D60AD372C080A2900B4852E /* DogImageWidget.swift */,
				6D60AD272C06EB2F00B4852E /* Assets.xcassets */,
				6D60AD292C06EB2F00B4852E /* Info.plist */,
			);
			path = Meet_Widget;
			sourceTree = "<group>";
		};
		ECC5AD1D2C084C3200BD25FF /* App */ = {
			isa = PBXGroup;
			children = (
				6D60ACC42C06BB4800B4852E /* AppDelegate.swift */,
				6D60ACC62C06BB4800B4852E /* SceneDelegate.swift */,
			);
			path = App;
			sourceTree = "<group>";
		};
		ECC5AD202C084C9100BD25FF /* Support */ = {
			isa = PBXGroup;
			children = (
				6D60ACCD2C06BB4A00B4852E /* Assets.xcassets */,
				6D60ACCF2C06BB4A00B4852E /* LaunchScreen.storyboard */,
				6D60ACD22C06BB4A00B4852E /* Info.plist */,
			);
			path = Support;
			sourceTree = "<group>";
		};
		ECC5AD212C084CB700BD25FF /* Feature */ = {
			isa = PBXGroup;
			children = (
			);
			path = Feature;
			sourceTree = "<group>";
		};
/* End PBXGroup section */

/* Begin PBXNativeTarget section */
		6D60ACC02C06BB4800B4852E /* MeetWidgetKit */ = {
			isa = PBXNativeTarget;
			buildConfigurationList = 6D60ACEB2C06BB4A00B4852E /* Build configuration list for PBXNativeTarget "MeetWidgetKit" */;
			buildPhases = (
				6D60ACBD2C06BB4800B4852E /* Sources */,
				6D60ACBE2C06BB4800B4852E /* Frameworks */,
				6D60ACBF2C06BB4800B4852E /* Resources */,
				6D60AD162C06EAED00B4852E /* Embed Foundation Extensions */,
			);
			buildRules = (
			);
			dependencies = (
				6D60AD2B2C06EB2F00B4852E /* PBXTargetDependency */,
			);
			name = MeetWidgetKit;
			packageProductDependencies = (
				6D59326D2C0ED37D00DE34B5 /* CombineModule */,
				6D59326F2C0ED38000DE34B5 /* Core */,
				6D5932732C0ED38900DE34B5 /* RxSwiftModule */,
				6DA66EF92C0EE04300D7F676 /* NetworkModule */,
			);
			productName = MeetWidgetKit;
			productReference = 6D60ACC12C06BB4800B4852E /* MeetWidgetKit.app */;
			productType = "com.apple.product-type.application";
		};
		6D60ACD62C06BB4A00B4852E /* MeetWidgetKitTests */ = {
			isa = PBXNativeTarget;
			buildConfigurationList = 6D60ACEE2C06BB4A00B4852E /* Build configuration list for PBXNativeTarget "MeetWidgetKitTests" */;
			buildPhases = (
				6D60ACD32C06BB4A00B4852E /* Sources */,
				6D60ACD42C06BB4A00B4852E /* Frameworks */,
				6D60ACD52C06BB4A00B4852E /* Resources */,
			);
			buildRules = (
			);
			dependencies = (
				6D60ACD92C06BB4A00B4852E /* PBXTargetDependency */,
			);
			name = MeetWidgetKitTests;
			productName = MeetWidgetKitTests;
			productReference = 6D60ACD72C06BB4A00B4852E /* MeetWidgetKitTests.xctest */;
			productType = "com.apple.product-type.bundle.unit-test";
		};
		6D60ACE02C06BB4A00B4852E /* MeetWidgetKitUITests */ = {
			isa = PBXNativeTarget;
			buildConfigurationList = 6D60ACF12C06BB4A00B4852E /* Build configuration list for PBXNativeTarget "MeetWidgetKitUITests" */;
			buildPhases = (
				6D60ACDD2C06BB4A00B4852E /* Sources */,
				6D60ACDE2C06BB4A00B4852E /* Frameworks */,
				6D60ACDF2C06BB4A00B4852E /* Resources */,
			);
			buildRules = (
			);
			dependencies = (
				6D60ACE32C06BB4A00B4852E /* PBXTargetDependency */,
			);
			name = MeetWidgetKitUITests;
			productName = MeetWidgetKitUITests;
			productReference = 6D60ACE12C06BB4A00B4852E /* MeetWidgetKitUITests.xctest */;
			productType = "com.apple.product-type.bundle.ui-testing";
		};
		6D60AD1A2C06EB2D00B4852E /* Meet_WidgetExtension */ = {
			isa = PBXNativeTarget;
			buildConfigurationList = 6D60AD2D2C06EB2F00B4852E /* Build configuration list for PBXNativeTarget "Meet_WidgetExtension" */;
			buildPhases = (
				6D60AD172C06EB2D00B4852E /* Sources */,
				6D60AD182C06EB2D00B4852E /* Frameworks */,
				6D60AD192C06EB2D00B4852E /* Resources */,
			);
			buildRules = (
			);
			dependencies = (
			);
			name = Meet_WidgetExtension;
			packageProductDependencies = (
				6D59326B2C0ED25300DE34B5 /* Core */,
			);
			productName = Meet_WidgetExtension;
			productReference = 6D60AD1B2C06EB2D00B4852E /* Meet_WidgetExtension.appex */;
			productType = "com.apple.product-type.app-extension";
		};
/* End PBXNativeTarget section */

/* Begin PBXProject section */
		6D60ACB92C06BB4800B4852E /* Project object */ = {
			isa = PBXProject;
			attributes = {
				BuildIndependentTargetsInParallel = 1;
				LastSwiftUpdateCheck = 1520;
				LastUpgradeCheck = 1520;
				TargetAttributes = {
					6D60ACC02C06BB4800B4852E = {
						CreatedOnToolsVersion = 15.2;
					};
					6D60ACD62C06BB4A00B4852E = {
						CreatedOnToolsVersion = 15.2;
						TestTargetID = 6D60ACC02C06BB4800B4852E;
					};
					6D60ACE02C06BB4A00B4852E = {
						CreatedOnToolsVersion = 15.2;
						TestTargetID = 6D60ACC02C06BB4800B4852E;
					};
					6D60AD1A2C06EB2D00B4852E = {
						CreatedOnToolsVersion = 15.2;
					};
				};
			};
			buildConfigurationList = 6D60ACBC2C06BB4800B4852E /* Build configuration list for PBXProject "MeetWidgetKit" */;
			compatibilityVersion = "Xcode 14.0";
			developmentRegion = en;
			hasScannedForEncodings = 0;
			knownRegions = (
				en,
				Base,
			);
			mainGroup = 6D60ACB82C06BB4800B4852E;
			packageReferences = (
			);
			productRefGroup = 6D60ACC22C06BB4800B4852E /* Products */;
			projectDirPath = "";
			projectRoot = "";
			targets = (
				6D60ACC02C06BB4800B4852E /* MeetWidgetKit */,
				6D60ACD62C06BB4A00B4852E /* MeetWidgetKitTests */,
				6D60ACE02C06BB4A00B4852E /* MeetWidgetKitUITests */,
				6D60AD1A2C06EB2D00B4852E /* Meet_WidgetExtension */,
			);
		};
/* End PBXProject section */

/* Begin PBXResourcesBuildPhase section */
		6D60ACBF2C06BB4800B4852E /* Resources */ = {
			isa = PBXResourcesBuildPhase;
			buildActionMask = 2147483647;
			files = (
				6D60ACD12C06BB4A00B4852E /* LaunchScreen.storyboard in Resources */,
				6D60ACCE2C06BB4A00B4852E /* Assets.xcassets in Resources */,
			);
			runOnlyForDeploymentPostprocessing = 0;
		};
		6D60ACD52C06BB4A00B4852E /* Resources */ = {
			isa = PBXResourcesBuildPhase;
			buildActionMask = 2147483647;
			files = (
			);
			runOnlyForDeploymentPostprocessing = 0;
		};
		6D60ACDF2C06BB4A00B4852E /* Resources */ = {
			isa = PBXResourcesBuildPhase;
			buildActionMask = 2147483647;
			files = (
			);
			runOnlyForDeploymentPostprocessing = 0;
		};
		6D60AD192C06EB2D00B4852E /* Resources */ = {
			isa = PBXResourcesBuildPhase;
			buildActionMask = 2147483647;
			files = (
				6D60AD282C06EB2F00B4852E /* Assets.xcassets in Resources */,
			);
			runOnlyForDeploymentPostprocessing = 0;
		};
/* End PBXResourcesBuildPhase section */

/* Begin PBXSourcesBuildPhase section */
		6D60ACBD2C06BB4800B4852E /* Sources */ = {
			isa = PBXSourcesBuildPhase;
			buildActionMask = 2147483647;
			files = (
				6D60ACC52C06BB4800B4852E /* AppDelegate.swift in Sources */,
				6D60ACC72C06BB4800B4852E /* SceneDelegate.swift in Sources */,
			);
			runOnlyForDeploymentPostprocessing = 0;
		};
		6D60ACD32C06BB4A00B4852E /* Sources */ = {
			isa = PBXSourcesBuildPhase;
			buildActionMask = 2147483647;
			files = (
				6D60ACDC2C06BB4A00B4852E /* MeetWidgetKitTests.swift in Sources */,
			);
			runOnlyForDeploymentPostprocessing = 0;
		};
		6D60ACDD2C06BB4A00B4852E /* Sources */ = {
			isa = PBXSourcesBuildPhase;
			buildActionMask = 2147483647;
			files = (
				6D60ACE82C06BB4A00B4852E /* MeetWidgetKitUITestsLaunchTests.swift in Sources */,
				6D60ACE62C06BB4A00B4852E /* MeetWidgetKitUITests.swift in Sources */,
			);
			runOnlyForDeploymentPostprocessing = 0;
		};
		6D60AD172C06EB2D00B4852E /* Sources */ = {
			isa = PBXSourcesBuildPhase;
			buildActionMask = 2147483647;
			files = (
				6D60AD382C080A2900B4852E /* DogImageWidget.swift in Sources */,
				6D60AD242C06EB2D00B4852E /* CalculateWidget.swift in Sources */,
				6D60AD202C06EB2D00B4852E /* MeetWidgetBundle.swift in Sources */,
			);
			runOnlyForDeploymentPostprocessing = 0;
		};
/* End PBXSourcesBuildPhase section */

/* Begin PBXTargetDependency section */
		6D60ACD92C06BB4A00B4852E /* PBXTargetDependency */ = {
			isa = PBXTargetDependency;
			target = 6D60ACC02C06BB4800B4852E /* MeetWidgetKit */;
			targetProxy = 6D60ACD82C06BB4A00B4852E /* PBXContainerItemProxy */;
		};
		6D60ACE32C06BB4A00B4852E /* PBXTargetDependency */ = {
			isa = PBXTargetDependency;
			target = 6D60ACC02C06BB4800B4852E /* MeetWidgetKit */;
			targetProxy = 6D60ACE22C06BB4A00B4852E /* PBXContainerItemProxy */;
		};
		6D60AD2B2C06EB2F00B4852E /* PBXTargetDependency */ = {
			isa = PBXTargetDependency;
			target = 6D60AD1A2C06EB2D00B4852E /* Meet_WidgetExtension */;
			targetProxy = 6D60AD2A2C06EB2F00B4852E /* PBXContainerItemProxy */;
		};
/* End PBXTargetDependency section */

/* Begin PBXVariantGroup section */
		6D60ACCF2C06BB4A00B4852E /* LaunchScreen.storyboard */ = {
			isa = PBXVariantGroup;
			children = (
				6D60ACD02C06BB4A00B4852E /* Base */,
			);
			name = LaunchScreen.storyboard;
			sourceTree = "<group>";
		};
/* End PBXVariantGroup section */

/* Begin XCBuildConfiguration section */
		6D60ACE92C06BB4A00B4852E /* Debug */ = {
			isa = XCBuildConfiguration;
			buildSettings = {
				ALWAYS_SEARCH_USER_PATHS = NO;
				ASSETCATALOG_COMPILER_GENERATE_SWIFT_ASSET_SYMBOL_EXTENSIONS = YES;
				CLANG_ANALYZER_NONNULL = YES;
				CLANG_ANALYZER_NUMBER_OBJECT_CONVERSION = YES_AGGRESSIVE;
				CLANG_CXX_LANGUAGE_STANDARD = "gnu++20";
				CLANG_ENABLE_MODULES = YES;
				CLANG_ENABLE_OBJC_ARC = YES;
				CLANG_ENABLE_OBJC_WEAK = YES;
				CLANG_WARN_BLOCK_CAPTURE_AUTORELEASING = YES;
				CLANG_WARN_BOOL_CONVERSION = YES;
				CLANG_WARN_COMMA = YES;
				CLANG_WARN_CONSTANT_CONVERSION = YES;
				CLANG_WARN_DEPRECATED_OBJC_IMPLEMENTATIONS = YES;
				CLANG_WARN_DIRECT_OBJC_ISA_USAGE = YES_ERROR;
				CLANG_WARN_DOCUMENTATION_COMMENTS = YES;
				CLANG_WARN_EMPTY_BODY = YES;
				CLANG_WARN_ENUM_CONVERSION = YES;
				CLANG_WARN_INFINITE_RECURSION = YES;
				CLANG_WARN_INT_CONVERSION = YES;
				CLANG_WARN_NON_LITERAL_NULL_CONVERSION = YES;
				CLANG_WARN_OBJC_IMPLICIT_RETAIN_SELF = YES;
				CLANG_WARN_OBJC_LITERAL_CONVERSION = YES;
				CLANG_WARN_OBJC_ROOT_CLASS = YES_ERROR;
				CLANG_WARN_QUOTED_INCLUDE_IN_FRAMEWORK_HEADER = YES;
				CLANG_WARN_RANGE_LOOP_ANALYSIS = YES;
				CLANG_WARN_STRICT_PROTOTYPES = YES;
				CLANG_WARN_SUSPICIOUS_MOVE = YES;
				CLANG_WARN_UNGUARDED_AVAILABILITY = YES_AGGRESSIVE;
				CLANG_WARN_UNREACHABLE_CODE = YES;
				CLANG_WARN__DUPLICATE_METHOD_MATCH = YES;
				COPY_PHASE_STRIP = NO;
				DEBUG_INFORMATION_FORMAT = dwarf;
				ENABLE_STRICT_OBJC_MSGSEND = YES;
				ENABLE_TESTABILITY = YES;
				ENABLE_USER_SCRIPT_SANDBOXING = YES;
				GCC_C_LANGUAGE_STANDARD = gnu17;
				GCC_DYNAMIC_NO_PIC = NO;
				GCC_NO_COMMON_BLOCKS = YES;
				GCC_OPTIMIZATION_LEVEL = 0;
				GCC_PREPROCESSOR_DEFINITIONS = (
					"DEBUG=1",
					"$(inherited)",
				);
				GCC_WARN_64_TO_32_BIT_CONVERSION = YES;
				GCC_WARN_ABOUT_RETURN_TYPE = YES_ERROR;
				GCC_WARN_UNDECLARED_SELECTOR = YES;
				GCC_WARN_UNINITIALIZED_AUTOS = YES_AGGRESSIVE;
				GCC_WARN_UNUSED_FUNCTION = YES;
				GCC_WARN_UNUSED_VARIABLE = YES;
				IPHONEOS_DEPLOYMENT_TARGET = 17.2;
				LOCALIZATION_PREFERS_STRING_CATALOGS = YES;
				MTL_ENABLE_DEBUG_INFO = INCLUDE_SOURCE;
				MTL_FAST_MATH = YES;
				ONLY_ACTIVE_ARCH = YES;
				SDKROOT = iphoneos;
				SWIFT_ACTIVE_COMPILATION_CONDITIONS = "DEBUG $(inherited)";
				SWIFT_OPTIMIZATION_LEVEL = "-Onone";
			};
			name = Debug;
		};
		6D60ACEA2C06BB4A00B4852E /* Release */ = {
			isa = XCBuildConfiguration;
			buildSettings = {
				ALWAYS_SEARCH_USER_PATHS = NO;
				ASSETCATALOG_COMPILER_GENERATE_SWIFT_ASSET_SYMBOL_EXTENSIONS = YES;
				CLANG_ANALYZER_NONNULL = YES;
				CLANG_ANALYZER_NUMBER_OBJECT_CONVERSION = YES_AGGRESSIVE;
				CLANG_CXX_LANGUAGE_STANDARD = "gnu++20";
				CLANG_ENABLE_MODULES = YES;
				CLANG_ENABLE_OBJC_ARC = YES;
				CLANG_ENABLE_OBJC_WEAK = YES;
				CLANG_WARN_BLOCK_CAPTURE_AUTORELEASING = YES;
				CLANG_WARN_BOOL_CONVERSION = YES;
				CLANG_WARN_COMMA = YES;
				CLANG_WARN_CONSTANT_CONVERSION = YES;
				CLANG_WARN_DEPRECATED_OBJC_IMPLEMENTATIONS = YES;
				CLANG_WARN_DIRECT_OBJC_ISA_USAGE = YES_ERROR;
				CLANG_WARN_DOCUMENTATION_COMMENTS = YES;
				CLANG_WARN_EMPTY_BODY = YES;
				CLANG_WARN_ENUM_CONVERSION = YES;
				CLANG_WARN_INFINITE_RECURSION = YES;
				CLANG_WARN_INT_CONVERSION = YES;
				CLANG_WARN_NON_LITERAL_NULL_CONVERSION = YES;
				CLANG_WARN_OBJC_IMPLICIT_RETAIN_SELF = YES;
				CLANG_WARN_OBJC_LITERAL_CONVERSION = YES;
				CLANG_WARN_OBJC_ROOT_CLASS = YES_ERROR;
				CLANG_WARN_QUOTED_INCLUDE_IN_FRAMEWORK_HEADER = YES;
				CLANG_WARN_RANGE_LOOP_ANALYSIS = YES;
				CLANG_WARN_STRICT_PROTOTYPES = YES;
				CLANG_WARN_SUSPICIOUS_MOVE = YES;
				CLANG_WARN_UNGUARDED_AVAILABILITY = YES_AGGRESSIVE;
				CLANG_WARN_UNREACHABLE_CODE = YES;
				CLANG_WARN__DUPLICATE_METHOD_MATCH = YES;
				COPY_PHASE_STRIP = NO;
				DEBUG_INFORMATION_FORMAT = "dwarf-with-dsym";
				ENABLE_NS_ASSERTIONS = NO;
				ENABLE_STRICT_OBJC_MSGSEND = YES;
				ENABLE_USER_SCRIPT_SANDBOXING = YES;
				GCC_C_LANGUAGE_STANDARD = gnu17;
				GCC_NO_COMMON_BLOCKS = YES;
				GCC_WARN_64_TO_32_BIT_CONVERSION = YES;
				GCC_WARN_ABOUT_RETURN_TYPE = YES_ERROR;
				GCC_WARN_UNDECLARED_SELECTOR = YES;
				GCC_WARN_UNINITIALIZED_AUTOS = YES_AGGRESSIVE;
				GCC_WARN_UNUSED_FUNCTION = YES;
				GCC_WARN_UNUSED_VARIABLE = YES;
				IPHONEOS_DEPLOYMENT_TARGET = 17.2;
				LOCALIZATION_PREFERS_STRING_CATALOGS = YES;
				MTL_ENABLE_DEBUG_INFO = NO;
				MTL_FAST_MATH = YES;
				SDKROOT = iphoneos;
				SWIFT_COMPILATION_MODE = wholemodule;
				VALIDATE_PRODUCT = YES;
			};
			name = Release;
		};
		6D60ACEC2C06BB4A00B4852E /* Debug */ = {
			isa = XCBuildConfiguration;
			buildSettings = {
				ALWAYS_EMBED_SWIFT_STANDARD_LIBRARIES = YES;
				ASSETCATALOG_COMPILER_APPICON_NAME = AppIcon;
				ASSETCATALOG_COMPILER_GLOBAL_ACCENT_COLOR_NAME = AccentColor;
				CODE_SIGN_ENTITLEMENTS = MeetWidgetKit/MeetWidgetKit.entitlements;
				CODE_SIGN_STYLE = Automatic;
				CURRENT_PROJECT_VERSION = 1;
				DEVELOPMENT_TEAM = 67F8672XJW;
				GENERATE_INFOPLIST_FILE = YES;
				INFOPLIST_FILE = MeetWidgetKit/Support/Info.plist;
				INFOPLIST_KEY_UIApplicationSupportsIndirectInputEvents = YES;
				INFOPLIST_KEY_UILaunchStoryboardName = LaunchScreen;
				INFOPLIST_KEY_UISupportedInterfaceOrientations_iPad = "UIInterfaceOrientationPortrait UIInterfaceOrientationPortraitUpsideDown UIInterfaceOrientationLandscapeLeft UIInterfaceOrientationLandscapeRight";
				INFOPLIST_KEY_UISupportedInterfaceOrientations_iPhone = "UIInterfaceOrientationPortrait UIInterfaceOrientationLandscapeLeft UIInterfaceOrientationLandscapeRight";
				IPHONEOS_DEPLOYMENT_TARGET = 17.0;
				LD_RUNPATH_SEARCH_PATHS = (
					"$(inherited)",
					"@executable_path/Frameworks",
				);
				MARKETING_VERSION = 1.0;
				PRODUCT_BUNDLE_IDENTIFIER = seungchan.MeetWidgetKit;
				PRODUCT_NAME = "$(TARGET_NAME)";
				SWIFT_EMIT_LOC_STRINGS = YES;
				SWIFT_VERSION = 5.0;
				TARGETED_DEVICE_FAMILY = "1,2";
			};
			name = Debug;
		};
		6D60ACED2C06BB4A00B4852E /* Release */ = {
			isa = XCBuildConfiguration;
			buildSettings = {
				ALWAYS_EMBED_SWIFT_STANDARD_LIBRARIES = YES;
				ASSETCATALOG_COMPILER_APPICON_NAME = AppIcon;
				ASSETCATALOG_COMPILER_GLOBAL_ACCENT_COLOR_NAME = AccentColor;
				CODE_SIGN_ENTITLEMENTS = MeetWidgetKit/MeetWidgetKit.entitlements;
				CODE_SIGN_STYLE = Automatic;
				CURRENT_PROJECT_VERSION = 1;
				DEVELOPMENT_TEAM = 67F8672XJW;
				GENERATE_INFOPLIST_FILE = YES;
				INFOPLIST_FILE = MeetWidgetKit/Support/Info.plist;
				INFOPLIST_KEY_UIApplicationSupportsIndirectInputEvents = YES;
				INFOPLIST_KEY_UILaunchStoryboardName = LaunchScreen;
				INFOPLIST_KEY_UISupportedInterfaceOrientations_iPad = "UIInterfaceOrientationPortrait UIInterfaceOrientationPortraitUpsideDown UIInterfaceOrientationLandscapeLeft UIInterfaceOrientationLandscapeRight";
				INFOPLIST_KEY_UISupportedInterfaceOrientations_iPhone = "UIInterfaceOrientationPortrait UIInterfaceOrientationLandscapeLeft UIInterfaceOrientationLandscapeRight";
				IPHONEOS_DEPLOYMENT_TARGET = 17.0;
				LD_RUNPATH_SEARCH_PATHS = (
					"$(inherited)",
					"@executable_path/Frameworks",
				);
				MARKETING_VERSION = 1.0;
				PRODUCT_BUNDLE_IDENTIFIER = seungchan.MeetWidgetKit;
				PRODUCT_NAME = "$(TARGET_NAME)";
				SWIFT_EMIT_LOC_STRINGS = YES;
				SWIFT_VERSION = 5.0;
				TARGETED_DEVICE_FAMILY = "1,2";
			};
			name = Release;
		};
		6D60ACEF2C06BB4A00B4852E /* Debug */ = {
			isa = XCBuildConfiguration;
			buildSettings = {
				ALWAYS_EMBED_SWIFT_STANDARD_LIBRARIES = YES;
				BUNDLE_LOADER = "$(TEST_HOST)";
				CODE_SIGN_STYLE = Automatic;
				CURRENT_PROJECT_VERSION = 1;
				DEVELOPMENT_TEAM = 67F8672XJW;
				GENERATE_INFOPLIST_FILE = YES;
				IPHONEOS_DEPLOYMENT_TARGET = 17.2;
				MARKETING_VERSION = 1.0;
				PRODUCT_BUNDLE_IDENTIFIER = seungchan.MeetWidgetKitTests;
				PRODUCT_NAME = "$(TARGET_NAME)";
				SWIFT_EMIT_LOC_STRINGS = NO;
				SWIFT_VERSION = 5.0;
				TARGETED_DEVICE_FAMILY = "1,2";
				TEST_HOST = "$(BUILT_PRODUCTS_DIR)/MeetWidgetKit.app/$(BUNDLE_EXECUTABLE_FOLDER_PATH)/MeetWidgetKit";
			};
			name = Debug;
		};
		6D60ACF02C06BB4A00B4852E /* Release */ = {
			isa = XCBuildConfiguration;
			buildSettings = {
				ALWAYS_EMBED_SWIFT_STANDARD_LIBRARIES = YES;
				BUNDLE_LOADER = "$(TEST_HOST)";
				CODE_SIGN_STYLE = Automatic;
				CURRENT_PROJECT_VERSION = 1;
				DEVELOPMENT_TEAM = 67F8672XJW;
				GENERATE_INFOPLIST_FILE = YES;
				IPHONEOS_DEPLOYMENT_TARGET = 17.2;
				MARKETING_VERSION = 1.0;
				PRODUCT_BUNDLE_IDENTIFIER = seungchan.MeetWidgetKitTests;
				PRODUCT_NAME = "$(TARGET_NAME)";
				SWIFT_EMIT_LOC_STRINGS = NO;
				SWIFT_VERSION = 5.0;
				TARGETED_DEVICE_FAMILY = "1,2";
				TEST_HOST = "$(BUILT_PRODUCTS_DIR)/MeetWidgetKit.app/$(BUNDLE_EXECUTABLE_FOLDER_PATH)/MeetWidgetKit";
			};
			name = Release;
		};
		6D60ACF22C06BB4A00B4852E /* Debug */ = {
			isa = XCBuildConfiguration;
			buildSettings = {
				ALWAYS_EMBED_SWIFT_STANDARD_LIBRARIES = YES;
				CODE_SIGN_STYLE = Automatic;
				CURRENT_PROJECT_VERSION = 1;
				DEVELOPMENT_TEAM = 67F8672XJW;
				GENERATE_INFOPLIST_FILE = YES;
				MARKETING_VERSION = 1.0;
				PRODUCT_BUNDLE_IDENTIFIER = seungchan.MeetWidgetKitUITests;
				PRODUCT_NAME = "$(TARGET_NAME)";
				SWIFT_EMIT_LOC_STRINGS = NO;
				SWIFT_VERSION = 5.0;
				TARGETED_DEVICE_FAMILY = "1,2";
				TEST_TARGET_NAME = MeetWidgetKit;
			};
			name = Debug;
		};
		6D60ACF32C06BB4A00B4852E /* Release */ = {
			isa = XCBuildConfiguration;
			buildSettings = {
				ALWAYS_EMBED_SWIFT_STANDARD_LIBRARIES = YES;
				CODE_SIGN_STYLE = Automatic;
				CURRENT_PROJECT_VERSION = 1;
				DEVELOPMENT_TEAM = 67F8672XJW;
				GENERATE_INFOPLIST_FILE = YES;
				MARKETING_VERSION = 1.0;
				PRODUCT_BUNDLE_IDENTIFIER = seungchan.MeetWidgetKitUITests;
				PRODUCT_NAME = "$(TARGET_NAME)";
				SWIFT_EMIT_LOC_STRINGS = NO;
				SWIFT_VERSION = 5.0;
				TARGETED_DEVICE_FAMILY = "1,2";
				TEST_TARGET_NAME = MeetWidgetKit;
			};
			name = Release;
		};
		6D60AD2E2C06EB2F00B4852E /* Debug */ = {
			isa = XCBuildConfiguration;
			buildSettings = {
				ASSETCATALOG_COMPILER_GLOBAL_ACCENT_COLOR_NAME = AccentColor;
				ASSETCATALOG_COMPILER_WIDGET_BACKGROUND_COLOR_NAME = WidgetBackground;
				CODE_SIGN_ENTITLEMENTS = Meet_WidgetExtension.entitlements;
				CODE_SIGN_STYLE = Automatic;
				CURRENT_PROJECT_VERSION = 1;
				DEVELOPMENT_TEAM = 67F8672XJW;
				GENERATE_INFOPLIST_FILE = YES;
				INFOPLIST_FILE = Meet_Widget/Info.plist;
				INFOPLIST_KEY_CFBundleDisplayName = Meet_Widget;
				INFOPLIST_KEY_NSHumanReadableCopyright = "";
				LD_RUNPATH_SEARCH_PATHS = (
					"$(inherited)",
					"@executable_path/Frameworks",
					"@executable_path/../../Frameworks",
				);
				MARKETING_VERSION = 1.0;
				PRODUCT_BUNDLE_IDENTIFIER = "seungchan.MeetWidgetKit.Meet-Widget";
				PRODUCT_NAME = "$(TARGET_NAME)";
				SKIP_INSTALL = YES;
				SWIFT_EMIT_LOC_STRINGS = YES;
				SWIFT_VERSION = 5.0;
				TARGETED_DEVICE_FAMILY = "1,2";
			};
			name = Debug;
		};
		6D60AD2F2C06EB2F00B4852E /* Release */ = {
			isa = XCBuildConfiguration;
			buildSettings = {
				ASSETCATALOG_COMPILER_GLOBAL_ACCENT_COLOR_NAME = AccentColor;
				ASSETCATALOG_COMPILER_WIDGET_BACKGROUND_COLOR_NAME = WidgetBackground;
				CODE_SIGN_ENTITLEMENTS = Meet_WidgetExtension.entitlements;
				CODE_SIGN_STYLE = Automatic;
				CURRENT_PROJECT_VERSION = 1;
				DEVELOPMENT_TEAM = 67F8672XJW;
				GENERATE_INFOPLIST_FILE = YES;
				INFOPLIST_FILE = Meet_Widget/Info.plist;
				INFOPLIST_KEY_CFBundleDisplayName = Meet_Widget;
				INFOPLIST_KEY_NSHumanReadableCopyright = "";
				LD_RUNPATH_SEARCH_PATHS = (
					"$(inherited)",
					"@executable_path/Frameworks",
					"@executable_path/../../Frameworks",
				);
				MARKETING_VERSION = 1.0;
				PRODUCT_BUNDLE_IDENTIFIER = "seungchan.MeetWidgetKit.Meet-Widget";
				PRODUCT_NAME = "$(TARGET_NAME)";
				SKIP_INSTALL = YES;
				SWIFT_EMIT_LOC_STRINGS = YES;
				SWIFT_VERSION = 5.0;
				TARGETED_DEVICE_FAMILY = "1,2";
			};
			name = Release;
		};
/* End XCBuildConfiguration section */

/* Begin XCConfigurationList section */
		6D60ACBC2C06BB4800B4852E /* Build configuration list for PBXProject "MeetWidgetKit" */ = {
			isa = XCConfigurationList;
			buildConfigurations = (
				6D60ACE92C06BB4A00B4852E /* Debug */,
				6D60ACEA2C06BB4A00B4852E /* Release */,
			);
			defaultConfigurationIsVisible = 0;
			defaultConfigurationName = Release;
		};
		6D60ACEB2C06BB4A00B4852E /* Build configuration list for PBXNativeTarget "MeetWidgetKit" */ = {
			isa = XCConfigurationList;
			buildConfigurations = (
				6D60ACEC2C06BB4A00B4852E /* Debug */,
				6D60ACED2C06BB4A00B4852E /* Release */,
			);
			defaultConfigurationIsVisible = 0;
			defaultConfigurationName = Release;
		};
		6D60ACEE2C06BB4A00B4852E /* Build configuration list for PBXNativeTarget "MeetWidgetKitTests" */ = {
			isa = XCConfigurationList;
			buildConfigurations = (
				6D60ACEF2C06BB4A00B4852E /* Debug */,
				6D60ACF02C06BB4A00B4852E /* Release */,
			);
			defaultConfigurationIsVisible = 0;
			defaultConfigurationName = Release;
		};
		6D60ACF12C06BB4A00B4852E /* Build configuration list for PBXNativeTarget "MeetWidgetKitUITests" */ = {
			isa = XCConfigurationList;
			buildConfigurations = (
				6D60ACF22C06BB4A00B4852E /* Debug */,
				6D60ACF32C06BB4A00B4852E /* Release */,
			);
			defaultConfigurationIsVisible = 0;
			defaultConfigurationName = Release;
		};
		6D60AD2D2C06EB2F00B4852E /* Build configuration list for PBXNativeTarget "Meet_WidgetExtension" */ = {
			isa = XCConfigurationList;
			buildConfigurations = (
				6D60AD2E2C06EB2F00B4852E /* Debug */,
				6D60AD2F2C06EB2F00B4852E /* Release */,
			);
			defaultConfigurationIsVisible = 0;
			defaultConfigurationName = Release;
		};
/* End XCConfigurationList section */

/* Begin XCSwiftPackageProductDependency section */
		6D59326B2C0ED25300DE34B5 /* Core */ = {
			isa = XCSwiftPackageProductDependency;
			productName = Core;
		};
		6D59326D2C0ED37D00DE34B5 /* CombineModule */ = {
			isa = XCSwiftPackageProductDependency;
			productName = CombineModule;
		};
		6D59326F2C0ED38000DE34B5 /* Core */ = {
			isa = XCSwiftPackageProductDependency;
			productName = Core;
		};
		6D5932732C0ED38900DE34B5 /* RxSwiftModule */ = {
			isa = XCSwiftPackageProductDependency;
			productName = RxSwiftModule;
		};
		6DA66EF92C0EE04300D7F676 /* NetworkModule */ = {
			isa = XCSwiftPackageProductDependency;
			productName = NetworkModule;
		};
/* End XCSwiftPackageProductDependency section */
	};
	rootObject = 6D60ACB92C06BB4800B4852E /* Project object */;
}
